
Microsoft Visual Studio Solution File, Format Version 12.00
# Visual Studio 14
VisualStudioVersion = 14.0.24720.0
MinimumVisualStudioVersion = 10.0.40219.1
Project("{FAE04EC0-301F-11D3-BF4B-00C04F79EFBC}") = "OpenCKMS", "OpenCKMS\OpenCKMS.csproj", "{A005B25E-5ECC-4BE0-A8F3-9C2A66E08AD5}"
EndProject
Project("{FAE04EC0-301F-11D3-BF4B-00C04F79EFBC}") = "Installer", "Installer\Installer.csproj", "{C9A243E5-6443-4A00-ACAC-C20A61286264}"
EndProject
Project("{FAE04EC0-301F-11D3-BF4B-00C04F79EFBC}") = "InstallerTasks", "InstallerTasks\InstallerTasks.csproj", "{941F8FD0-F3D8-49B0-873B-03B3E6D58AA7}"
EndProject
Project("{FAE04EC0-301F-11D3-BF4B-00C04F79EFBC}") = "OpenCKMSService", "OpenCKMSService\OpenCKMSService.csproj", "{B52381C0-0B67-492B-9D14-EAA15DF4287E}"
EndProject
Global
	GlobalSection(SolutionConfigurationPlatforms) = preSolution
		Debug|Any CPU = Debug|Any CPU
		Debug|x64 = Debug|x64
		Debug|x86 = Debug|x86
		Installer Debug|Any CPU = Installer Debug|Any CPU
		Installer Debug|x64 = Installer Debug|x64
		Installer Debug|x86 = Installer Debug|x86
		Release|Any CPU = Release|Any CPU
		Release|x64 = Release|x64
		Release|x86 = Release|x86
	EndGlobalSection
	GlobalSection(ProjectConfigurationPlatforms) = postSolution
		{A005B25E-5ECC-4BE0-A8F3-9C2A66E08AD5}.Debug|Any CPU.ActiveCfg = Debug|Any CPU
		{A005B25E-5ECC-4BE0-A8F3-9C2A66E08AD5}.Debug|Any CPU.Build.0 = Debug|Any CPU
		{A005B25E-5ECC-4BE0-A8F3-9C2A66E08AD5}.Debug|x64.ActiveCfg = Debug|Any CPU
		{A005B25E-5ECC-4BE0-A8F3-9C2A66E08AD5}.Debug|x64.Build.0 = Debug|Any CPU
		{A005B25E-5ECC-4BE0-A8F3-9C2A66E08AD5}.Debug|x86.ActiveCfg = Debug|Any CPU
		{A005B25E-5ECC-4BE0-A8F3-9C2A66E08AD5}.Debug|x86.Build.0 = Debug|Any CPU
		{A005B25E-5ECC-4BE0-A8F3-9C2A66E08AD5}.Installer Debug|Any CPU.ActiveCfg = Installer Debug|Any CPU
		{A005B25E-5ECC-4BE0-A8F3-9C2A66E08AD5}.Installer Debug|x64.ActiveCfg = Installer Debug|Any CPU
		{A005B25E-5ECC-4BE0-A8F3-9C2A66E08AD5}.Installer Debug|x64.Build.0 = Installer Debug|Any CPU
		{A005B25E-5ECC-4BE0-A8F3-9C2A66E08AD5}.Installer Debug|x86.ActiveCfg = Installer Debug|Any CPU
		{A005B25E-5ECC-4BE0-A8F3-9C2A66E08AD5}.Installer Debug|x86.Build.0 = Installer Debug|Any CPU
		{A005B25E-5ECC-4BE0-A8F3-9C2A66E08AD5}.Release|Any CPU.ActiveCfg = Release|Any CPU
		{A005B25E-5ECC-4BE0-A8F3-9C2A66E08AD5}.Release|Any CPU.Build.0 = Release|Any CPU
		{A005B25E-5ECC-4BE0-A8F3-9C2A66E08AD5}.Release|x64.ActiveCfg = Release|Any CPU
		{A005B25E-5ECC-4BE0-A8F3-9C2A66E08AD5}.Release|x64.Build.0 = Release|Any CPU
		{A005B25E-5ECC-4BE0-A8F3-9C2A66E08AD5}.Release|x86.ActiveCfg = Release|Any CPU
		{A005B25E-5ECC-4BE0-A8F3-9C2A66E08AD5}.Release|x86.Build.0 = Release|Any CPU
		{C9A243E5-6443-4A00-ACAC-C20A61286264}.Debug|Any CPU.ActiveCfg = Debug|Any CPU
		{C9A243E5-6443-4A00-ACAC-C20A61286264}.Debug|x64.ActiveCfg = Debug|Any CPU
		{C9A243E5-6443-4A00-ACAC-C20A61286264}.Debug|x64.Build.0 = Debug|Any CPU
		{C9A243E5-6443-4A00-ACAC-C20A61286264}.Debug|x86.ActiveCfg = Debug|Any CPU
		{C9A243E5-6443-4A00-ACAC-C20A61286264}.Debug|x86.Build.0 = Debug|Any CPU
		{C9A243E5-6443-4A00-ACAC-C20A61286264}.Installer Debug|Any CPU.ActiveCfg = Installer Debug|Any CPU
		{C9A243E5-6443-4A00-ACAC-C20A61286264}.Installer Debug|Any CPU.Build.0 = Installer Debug|Any CPU
		{C9A243E5-6443-4A00-ACAC-C20A61286264}.Installer Debug|x64.ActiveCfg = Installer Debug|Any CPU
		{C9A243E5-6443-4A00-ACAC-C20A61286264}.Installer Debug|x64.Build.0 = Installer Debug|Any CPU
		{C9A243E5-6443-4A00-ACAC-C20A61286264}.Installer Debug|x86.ActiveCfg = Installer Debug|Any CPU
		{C9A243E5-6443-4A00-ACAC-C20A61286264}.Installer Debug|x86.Build.0 = Installer Debug|Any CPU
		{C9A243E5-6443-4A00-ACAC-C20A61286264}.Release|Any CPU.ActiveCfg = Release|Any CPU
		{C9A243E5-6443-4A00-ACAC-C20A61286264}.Release|Any CPU.Build.0 = Release|Any CPU
		{C9A243E5-6443-4A00-ACAC-C20A61286264}.Release|x64.ActiveCfg = Release|Any CPU
		{C9A243E5-6443-4A00-ACAC-C20A61286264}.Release|x64.Build.0 = Release|Any CPU
		{C9A243E5-6443-4A00-ACAC-C20A61286264}.Release|x86.ActiveCfg = Release|Any CPU
		{C9A243E5-6443-4A00-ACAC-C20A61286264}.Release|x86.Build.0 = Release|Any CPU
		{941F8FD0-F3D8-49B0-873B-03B3E6D58AA7}.Debug|Any CPU.ActiveCfg = Debug|Any CPU
		{941F8FD0-F3D8-49B0-873B-03B3E6D58AA7}.Debug|x64.ActiveCfg = Debug|Any CPU
		{941F8FD0-F3D8-49B0-873B-03B3E6D58AA7}.Debug|x64.Build.0 = Debug|Any CPU
		{941F8FD0-F3D8-49B0-873B-03B3E6D58AA7}.Debug|x86.ActiveCfg = Debug|Any CPU
		{941F8FD0-F3D8-49B0-873B-03B3E6D58AA7}.Debug|x86.Build.0 = Debug|Any CPU
		{941F8FD0-F3D8-49B0-873B-03B3E6D58AA7}.Installer Debug|Any CPU.ActiveCfg = Installer Debug|Any CPU
		{941F8FD0-F3D8-49B0-873B-03B3E6D58AA7}.Installer Debug|Any CPU.Build.0 = Installer Debug|Any CPU
		{941F8FD0-F3D8-49B0-873B-03B3E6D58AA7}.Installer Debug|x64.ActiveCfg = Installer Debug|Any CPU
		{941F8FD0-F3D8-49B0-873B-03B3E6D58AA7}.Installer Debug|x64.Build.0 = Installer Debug|Any CPU
		{941F8FD0-F3D8-49B0-873B-03B3E6D58AA7}.Installer Debug|x86.ActiveCfg = Installer Debug|Any CPU
		{941F8FD0-F3D8-49B0-873B-03B3E6D58AA7}.Installer Debug|x86.Build.0 = Installer Debug|Any CPU
		{941F8FD0-F3D8-49B0-873B-03B3E6D58AA7}.Release|Any CPU.ActiveCfg = Release|Any CPU
		{941F8FD0-F3D8-49B0-873B-03B3E6D58AA7}.Release|Any CPU.Build.0 = Release|Any CPU
		{941F8FD0-F3D8-49B0-873B-03B3E6D58AA7}.Release|x64.ActiveCfg = Release|Any CPU
		{941F8FD0-F3D8-49B0-873B-03B3E6D58AA7}.Release|x64.Build.0 = Release|Any CPU
		{941F8FD0-F3D8-49B0-873B-03B3E6D58AA7}.Release|x86.ActiveCfg = Release|Any CPU
		{941F8FD0-F3D8-49B0-873B-03B3E6D58AA7}.Release|x86.Build.0 = Release|Any CPU
		{B52381C0-0B67-492B-9D14-EAA15DF4287E}.Debug|Any CPU.ActiveCfg = Debug|Any CPU
		{B52381C0-0B67-492B-9D14-EAA15DF4287E}.Debug|Any CPU.Build.0 = Debug|Any CPU
		{B52381C0-0B67-492B-9D14-EAA15DF4287E}.Debug|x64.ActiveCfg = Debug|Any CPU
		{B52381C0-0B67-492B-9D14-EAA15DF4287E}.Debug|x64.Build.0 = Debug|Any CPU
		{B52381C0-0B67-492B-9D14-EAA15DF4287E}.Debug|x86.ActiveCfg = Debug|Any CPU
		{B52381C0-0B67-492B-9D14-EAA15DF4287E}.Debug|x86.Build.0 = Debug|Any CPU
		{B52381C0-0B67-492B-9D14-EAA15DF4287E}.Installer Debug|Any CPU.ActiveCfg = Installer Debug|Any CPU
		{B52381C0-0B67-492B-9D14-EAA15DF4287E}.Installer Debug|x64.ActiveCfg = Installer Debug|Any CPU
		{B52381C0-0B67-492B-9D14-EAA15DF4287E}.Installer Debug|x64.Build.0 = Installer Debug|Any CPU
		{B52381C0-0B67-492B-9D14-EAA15DF4287E}.Installer Debug|x86.ActiveCfg = Installer Debug|Any CPU
		{B52381C0-0B67-492B-9D14-EAA15DF4287E}.Installer Debug|x86.Build.0 = Installer Debug|Any CPU
		{B52381C0-0B67-492B-9D14-EAA15DF4287E}.Release|Any CPU.ActiveCfg = Release|Any CPU
		{B52381C0-0B67-492B-9D14-EAA15DF4287E}.Release|Any CPU.Build.0 = Release|Any CPU
		{B52381C0-0B67-492B-9D14-EAA15DF4287E}.Release|x64.ActiveCfg = Release|Any CPU
		{B52381C0-0B67-492B-9D14-EAA15DF4287E}.Release|x64.Build.0 = Release|Any CPU
		{B52381C0-0B67-492B-9D14-EAA15DF4287E}.Release|x86.ActiveCfg = Release|Any CPU
		{B52381C0-0B67-492B-9D14-EAA15DF4287E}.Release|x86.Build.0 = Release|Any CPU
	EndGlobalSection
	GlobalSection(SolutionProperties) = preSolution
		HideSolutionNode = FALSE
	EndGlobalSection
EndGlobal
